<?xml version="1.0" encoding="utf-8"?>
<Project ToolsVersion="4.0" xmlns="http://schemas.microsoft.com/developer/msbuild/2003">
  <ItemGroup>
    <Filter Include="Source Files">
      <UniqueIdentifier>{4FC737F1-C7A5-4376-A066-2A32D752A2FF}</UniqueIdentifier>
      <Extensions>cpp;c;cc;cxx;def;odl;idl;hpj;bat;asm;asmx</Extensions>
    </Filter>
    <Filter Include="Header Files">
      <UniqueIdentifier>{93995380-89BD-4b04-88EB-625FBE52EBFB}</UniqueIdentifier>
      <Extensions>h;hh;hpp;hxx;hm;inl;inc;ipp;xsd</Extensions>
    </Filter>
    <Filter Include="Resource Files">
      <UniqueIdentifier>{67DA6AB6-F800-4c08-8B7A-83BB121AAD01}</UniqueIdentifier>
      <Extensions>rc;ico;cur;bmp;dlg;rc2;rct;bin;rgs;gif;jpg;jpeg;jpe;resx;tiff;tif;png;wav;mfcribbon-ms</Extensions>
    </Filter>
  </ItemGroup>
  <ItemGroup>
    <ClCompile Include="main.cpp">
      <Filter>Source Files</Filter>
    </ClCompile>
    <ClCompile Include="tiny_obj_loader.cc">
      <Filter>Source Files</Filter>
    </ClCompile>
    <ClCompile Include="Scene.cpp">
      <Filter>Source Files</Filter>
    </ClCompile>
    <ClCompile Include="Camera.cpp">
      <Filter>Source Files</Filter>
    </ClCompile>
    <ClCompile Include="Mesh.cpp">
      <Filter>Source Files</Filter>
    </ClCompile>
    <ClCompile Include="pch.cpp">
      <Filter>Source Files</Filter>
    </ClCompile>
    <ClCompile Include="ShaderProgram.cpp">
      <Filter>Source Files</Filter>
    </ClCompile>
    <ClCompile Include="Source.cpp">
      <Filter>Source Files</Filter>
    </ClCompile>
    <ClCompile Include="OBJLoader.cpp">
      <Filter>Source Files</Filter>
    </ClCompile>
    <ClCompile Include="SceneObject.cpp">
      <Filter>Source Files</Filter>
    </ClCompile>
    <ClCompile Include="AudioRenderer.cpp">
      <Filter>Source Files</Filter>
    </ClCompile>
    <ClCompile Include="tinyxml2.cpp">
      <Filter>Source Files</Filter>
    </ClCompile>
    <ClCompile Include="AudioRenderingUtils.cpp">
      <Filter>Source Files</Filter>
    </ClCompile>
    <ClCompile Include="Halton.cpp">
      <Filter>Source Files</Filter>
    </ClCompile>
  </ItemGroup>
  <ItemGroup>
    <ClInclude Include="tiny_obj_loader.h">
      <Filter>Header Files</Filter>
    </ClInclude>
    <ClInclude Include="Scene.h">
      <Filter>Header Files</Filter>
    </ClInclude>
    <ClInclude Include="Camera.h">
      <Filter>Header Files</Filter>
    </ClInclude>
    <ClInclude Include="Mesh.h">
      <Filter>Header Files</Filter>
    </ClInclude>
    <ClInclude Include="pch.h">
      <Filter>Header Files</Filter>
    </ClInclude>
    <ClInclude Include="ShaderProgram.h">
      <Filter>Header Files</Filter>
    </ClInclude>
    <ClInclude Include="Utils.h">
      <Filter>Header Files</Filter>
    </ClInclude>
    <ClInclude Include="AudioRenderer.h">
      <Filter>Header Files</Filter>
    </ClInclude>
    <ClInclude Include="Source.h">
      <Filter>Header Files</Filter>
    </ClInclude>
    <ClInclude Include="OBJLoader.h">
      <Filter>Header Files</Filter>
    </ClInclude>
    <ClInclude Include="SceneObject.h">
      <Filter>Header Files</Filter>
    </ClInclude>
    <ClInclude Include="rtaudio-5.1.0\RtAudio.h">
      <Filter>Header Files</Filter>
    </ClInclude>
    <ClInclude Include="rtaudio-5.1.0\asio.h">
      <Filter>Header Files</Filter>
    </ClInclude>
    <ClInclude Include="rtaudio-5.1.0\asiodrivers.h">
      <Filter>Header Files</Filter>
    </ClInclude>
    <ClInclude Include="rtaudio-5.1.0\asiodrvr.h">
      <Filter>Header Files</Filter>
    </ClInclude>
    <ClInclude Include="rtaudio-5.1.0\asiolist.h">
      <Filter>Header Files</Filter>
    </ClInclude>
    <ClInclude Include="rtaudio-5.1.0\asiosys.h">
      <Filter>Header Files</Filter>
    </ClInclude>
    <ClInclude Include="rtaudio-5.1.0\dsound.h">
      <Filter>Header Files</Filter>
    </ClInclude>
    <ClInclude Include="rtaudio-5.1.0\functiondiscoverykeys_devpkey.h">
      <Filter>Header Files</Filter>
    </ClInclude>
    <ClInclude Include="rtaudio-5.1.0\ginclude.h">
      <Filter>Header Files</Filter>
    </ClInclude>
    <ClInclude Include="rtaudio-5.1.0\iasiodrv.h">
      <Filter>Header Files</Filter>
    </ClInclude>
    <ClInclude Include="rtaudio-5.1.0\iasiothiscallresolver.h">
      <Filter>Header Files</Filter>
    </ClInclude>
    <ClInclude Include="rtaudio-5.1.0\rtaudio_c.h">
      <Filter>Header Files</Filter>
    </ClInclude>
    <ClInclude Include="rtaudio-5.1.0\soundcard.h">
      <Filter>Header Files</Filter>
    </ClInclude>
    <ClInclude Include="CircularBuffer.h">
      <Filter>Header Files</Filter>
    </ClInclude>
    <ClInclude Include="SampleBuffer.h">
      <Filter>Header Files</Filter>
    </ClInclude>
    <ClInclude Include="thread_pool.hpp">
      <Filter>Header Files</Filter>
    </ClInclude>
    <ClInclude Include="AudioRenderingUtils.h">
      <Filter>Header Files</Filter>
    </ClInclude>
    <ClInclude Include="AudioFileRenderer.h">
      <Filter>Header Files</Filter>
    </ClInclude>
    <ClInclude Include="tinyxml2.h">
      <Filter>Header Files</Filter>
    </ClInclude>
    <ClInclude Include="wavParser.h">
      <Filter>Header Files</Filter>
    </ClInclude>
    <ClInclude Include="AudioFile.h">
      <Filter>Header Files</Filter>
    </ClInclude>
    <ClInclude Include="Halton.h">
      <Filter>Header Files</Filter>
    </ClInclude>
    <ClInclude Include="halton_sampler.h">
      <Filter>Header Files</Filter>
    </ClInclude>
  </ItemGroup>
  <ItemGroup>
    <None Include=".gitignore" />
    <None Include="assets\shaders\pass.frag" />
    <None Include="assets\shaders\pass.vert" />
    <None Include="assets\shaders\source.frag" />
  </ItemGroup>
</Project>