
Microsoft Visual Studio Solution File, Format Version 12.00
# Visual Studio Version 17
Project("{2150E333-8FDC-42A3-9474-1A3956D46DE8}") = "CMakePredefinedTargets", "CMakePredefinedTargets", "{F396DD3B-8289-33E7-935C-A0314AB52B86}"
EndProject
Project("{8BC9CEB8-8B4A-11D0-8D11-00A0C91BC942}") = "ALL_BUILD", "ALL_BUILD.vcxproj", "{63757B5C-5A6E-3AA0-BE77-37E37DFCCBCE}"
	ProjectSection(ProjectDependencies) = postProject
		{C14A36F0-78D2-3DF8-842D-222F320E8297} = {C14A36F0-78D2-3DF8-842D-222F320E8297}
		{8E1A952B-9EDB-3B4D-97A9-1050FEC64031} = {8E1A952B-9EDB-3B4D-97A9-1050FEC64031}
	EndProjectSection
EndProject
Project("{8BC9CEB8-8B4A-11D0-8D11-00A0C91BC942}") = "INSTALL", "INSTALL.vcxproj", "{FF246EE1-072D-3689-B531-C06DF1F21FAD}"
	ProjectSection(ProjectDependencies) = postProject
		{63757B5C-5A6E-3AA0-BE77-37E37DFCCBCE} = {63757B5C-5A6E-3AA0-BE77-37E37DFCCBCE}
		{C14A36F0-78D2-3DF8-842D-222F320E8297} = {C14A36F0-78D2-3DF8-842D-222F320E8297}
	EndProjectSection
EndProject
Project("{8BC9CEB8-8B4A-11D0-8D11-00A0C91BC942}") = "ZERO_CHECK", "..\..\ZERO_CHECK.vcxproj", "{C14A36F0-78D2-3DF8-842D-222F320E8297}"
	ProjectSection(ProjectDependencies) = postProject
	EndProjectSection
EndProject
Project("{8BC9CEB8-8B4A-11D0-8D11-00A0C91BC942}") = "gdt", "gdt.vcxproj", "{8E1A952B-9EDB-3B4D-97A9-1050FEC64031}"
	ProjectSection(ProjectDependencies) = postProject
		{C14A36F0-78D2-3DF8-842D-222F320E8297} = {C14A36F0-78D2-3DF8-842D-222F320E8297}
	EndProjectSection
EndProject
Global
	GlobalSection(SolutionConfigurationPlatforms) = preSolution
		Debug|x64 = Debug|x64
		Release|x64 = Release|x64
	EndGlobalSection
	GlobalSection(ProjectConfigurationPlatforms) = postSolution
		{63757B5C-5A6E-3AA0-BE77-37E37DFCCBCE}.Debug|x64.ActiveCfg = Debug|x64
		{63757B5C-5A6E-3AA0-BE77-37E37DFCCBCE}.Debug|x64.Build.0 = Debug|x64
		{63757B5C-5A6E-3AA0-BE77-37E37DFCCBCE}.Release|x64.ActiveCfg = Release|x64
		{63757B5C-5A6E-3AA0-BE77-37E37DFCCBCE}.Release|x64.Build.0 = Release|x64
		{FF246EE1-072D-3689-B531-C06DF1F21FAD}.Debug|x64.ActiveCfg = Debug|x64
		{FF246EE1-072D-3689-B531-C06DF1F21FAD}.Release|x64.ActiveCfg = Release|x64
		{C14A36F0-78D2-3DF8-842D-222F320E8297}.Debug|x64.ActiveCfg = Debug|x64
		{C14A36F0-78D2-3DF8-842D-222F320E8297}.Debug|x64.Build.0 = Debug|x64
		{C14A36F0-78D2-3DF8-842D-222F320E8297}.Release|x64.ActiveCfg = Release|x64
		{C14A36F0-78D2-3DF8-842D-222F320E8297}.Release|x64.Build.0 = Release|x64
		{8E1A952B-9EDB-3B4D-97A9-1050FEC64031}.Debug|x64.ActiveCfg = Debug|x64
		{8E1A952B-9EDB-3B4D-97A9-1050FEC64031}.Debug|x64.Build.0 = Debug|x64
		{8E1A952B-9EDB-3B4D-97A9-1050FEC64031}.Release|x64.ActiveCfg = Release|x64
		{8E1A952B-9EDB-3B4D-97A9-1050FEC64031}.Release|x64.Build.0 = Release|x64
	EndGlobalSection
	GlobalSection(NestedProjects) = preSolution
		{63757B5C-5A6E-3AA0-BE77-37E37DFCCBCE} = {F396DD3B-8289-33E7-935C-A0314AB52B86}
		{FF246EE1-072D-3689-B531-C06DF1F21FAD} = {F396DD3B-8289-33E7-935C-A0314AB52B86}
		{C14A36F0-78D2-3DF8-842D-222F320E8297} = {F396DD3B-8289-33E7-935C-A0314AB52B86}
	EndGlobalSection
	GlobalSection(ExtensibilityGlobals) = postSolution
		SolutionGuid = {D88A8A1A-2A35-344C-843C-76F1FD94FF07}
	EndGlobalSection
	GlobalSection(ExtensibilityAddIns) = postSolution
	EndGlobalSection
EndGlobal
