<?xml version="1.0" encoding="utf-8"?>
<Project ToolsVersion="17.0" xmlns="http://schemas.microsoft.com/developer/msbuild/2003">
  <ItemGroup>
    <ClCompile Include="C:\Users\Fede\Documents\AudioRenderingV2\optix\example99\cuda_compile_ptx_1_generated_devicePrograms.cu.ptx_embedded.c">
      <Filter>Source Files</Filter>
    </ClCompile>
    <ClCompile Include="C:\Users\Fede\Documents\AudioRenderingV2\optix\example99\SampleRenderer.cpp">
      <Filter>Source Files</Filter>
    </ClCompile>
    <ClCompile Include="C:\Users\Fede\Documents\AudioRenderingV2\optix\example99\Model.cpp">
      <Filter>Source Files</Filter>
    </ClCompile>
    <ClCompile Include="C:\Users\Fede\Documents\AudioRenderingV2\optix\example99\main.cpp">
      <Filter>Source Files</Filter>
    </ClCompile>
  </ItemGroup>
  <ItemGroup>
    <ClInclude Include="C:\Users\Fede\Documents\AudioRenderingV2\optix\example99\optix7.h">
      <Filter>Header Files</Filter>
    </ClInclude>
    <ClInclude Include="C:\Users\Fede\Documents\AudioRenderingV2\optix\example99\CUDABuffer.h">
      <Filter>Header Files</Filter>
    </ClInclude>
    <ClInclude Include="C:\Users\Fede\Documents\AudioRenderingV2\optix\example99\LaunchParams.h">
      <Filter>Header Files</Filter>
    </ClInclude>
    <ClInclude Include="C:\Users\Fede\Documents\AudioRenderingV2\optix\example99\SampleRenderer.h">
      <Filter>Header Files</Filter>
    </ClInclude>
    <ClInclude Include="C:\Users\Fede\Documents\AudioRenderingV2\optix\example99\Model.h">
      <Filter>Header Files</Filter>
    </ClInclude>
  </ItemGroup>
  <ItemGroup>
    <CustomBuild Include="C:\Users\Fede\Documents\AudioRenderingV2\optix\example99\devicePrograms.cu">
      <Filter>Source Files</Filter>
    </CustomBuild>
    <CustomBuild Include="C:\Users\Fede\Documents\AudioRenderingV2\optix\CMakeFiles\3897ba3566d3c005986e2f9e48944b9c\cuda_compile_ptx_1_generated_devicePrograms.cu.ptx_embedded.c.rule">
      <Filter>CMake Rules</Filter>
    </CustomBuild>
    <CustomBuild Include="C:\Users\Fede\Documents\AudioRenderingV2\optix\example99\CMakeLists.txt" />
  </ItemGroup>
  <ItemGroup>
    <Filter Include="CMake Rules">
      <UniqueIdentifier>{081D1C7B-2DB0-3119-88C5-1734260B6D9A}</UniqueIdentifier>
    </Filter>
    <Filter Include="Header Files">
      <UniqueIdentifier>{5F57E1F9-EF62-3B37-A485-90151687BEC5}</UniqueIdentifier>
    </Filter>
    <Filter Include="Source Files">
      <UniqueIdentifier>{B86206B3-9CA2-3B65-B021-016E9DE0390F}</UniqueIdentifier>
    </Filter>
  </ItemGroup>
</Project>
