<?xml version="1.0" encoding="utf-8"?>
<Project ToolsVersion="17.0" xmlns="http://schemas.microsoft.com/developer/msbuild/2003">
  <ItemGroup>
    <CustomBuild Include="C:\Users\Stefano\Documents\AudioRenderingV2\optix\CMakeFiles\1fd16fc44826c2fb08f0f7addfc91849\INSTALL_force.rule">
      <Filter>CMake Rules</Filter>
    </CustomBuild>
  </ItemGroup>
  <ItemGroup>
    <Filter Include="CMake Rules">
      <UniqueIdentifier>{1C84C54F-94EC-3041-8AE4-9E8BC0D23786}</UniqueIdentifier>
    </Filter>
  </ItemGroup>
</Project>
