
Microsoft Visual Studio Solution File, Format Version 12.00
# Visual Studio Version 17
Project("{2150E333-8FDC-42A3-9474-1A3956D46DE8}") = "CMakePredefinedTargets", "CMakePredefinedTargets", "{55A4862D-F706-3A7E-A1F1-8D33D88F9C9A}"
EndProject
Project("{2150E333-8FDC-42A3-9474-1A3956D46DE8}") = "GLFW3", "GLFW3", "{89C6C471-81A6-31E0-9758-11B62F8725FA}"
EndProject
Project("{8BC9CEB8-8B4A-11D0-8D11-00A0C91BC942}") = "ALL_BUILD", "ALL_BUILD.vcxproj", "{8995DF7A-82F3-393E-96C7-1B1C273FE87C}"
	ProjectSection(ProjectDependencies) = postProject
		{AE9E5CCC-8293-3BF4-85C7-436A09B59442} = {AE9E5CCC-8293-3BF4-85C7-436A09B59442}
		{D314D19E-AEEC-319E-AD84-1F88B958EF16} = {D314D19E-AEEC-319E-AD84-1F88B958EF16}
	EndProjectSection
EndProject
Project("{8BC9CEB8-8B4A-11D0-8D11-00A0C91BC942}") = "INSTALL", "INSTALL.vcxproj", "{CDB1DB4E-0B1D-3782-B876-059EA6AF2557}"
	ProjectSection(ProjectDependencies) = postProject
		{8995DF7A-82F3-393E-96C7-1B1C273FE87C} = {8995DF7A-82F3-393E-96C7-1B1C273FE87C}
		{AE9E5CCC-8293-3BF4-85C7-436A09B59442} = {AE9E5CCC-8293-3BF4-85C7-436A09B59442}
	EndProjectSection
EndProject
Project("{8BC9CEB8-8B4A-11D0-8D11-00A0C91BC942}") = "ZERO_CHECK", "ZERO_CHECK.vcxproj", "{AE9E5CCC-8293-3BF4-85C7-436A09B59442}"
	ProjectSection(ProjectDependencies) = postProject
	EndProjectSection
EndProject
Project("{8BC9CEB8-8B4A-11D0-8D11-00A0C91BC942}") = "gdt", "common\gdt\gdt.vcxproj", "{9567C85F-8CBA-38CF-BECB-BA664BF97006}"
	ProjectSection(ProjectDependencies) = postProject
		{AE9E5CCC-8293-3BF4-85C7-436A09B59442} = {AE9E5CCC-8293-3BF4-85C7-436A09B59442}
	EndProjectSection
EndProject
Project("{8BC9CEB8-8B4A-11D0-8D11-00A0C91BC942}") = "glfWindow", "common\glfWindow\glfWindow.vcxproj", "{088B5D56-789A-3409-8000-325FECB9D889}"
	ProjectSection(ProjectDependencies) = postProject
		{AE9E5CCC-8293-3BF4-85C7-436A09B59442} = {AE9E5CCC-8293-3BF4-85C7-436A09B59442}
	EndProjectSection
EndProject
Project("{8BC9CEB8-8B4A-11D0-8D11-00A0C91BC942}") = "glfw", "common\3rdParty\glfw\src\glfw.vcxproj", "{215D8CBD-113D-32B1-BC6E-51B523EC6449}"
	ProjectSection(ProjectDependencies) = postProject
		{AE9E5CCC-8293-3BF4-85C7-436A09B59442} = {AE9E5CCC-8293-3BF4-85C7-436A09B59442}
	EndProjectSection
EndProject
Project("{8BC9CEB8-8B4A-11D0-8D11-00A0C91BC942}") = "obj_raytracer", "obj_raytracer\obj_raytracer.vcxproj", "{D314D19E-AEEC-319E-AD84-1F88B958EF16}"
	ProjectSection(ProjectDependencies) = postProject
		{AE9E5CCC-8293-3BF4-85C7-436A09B59442} = {AE9E5CCC-8293-3BF4-85C7-436A09B59442}
		{9567C85F-8CBA-38CF-BECB-BA664BF97006} = {9567C85F-8CBA-38CF-BECB-BA664BF97006}
		{088B5D56-789A-3409-8000-325FECB9D889} = {088B5D56-789A-3409-8000-325FECB9D889}
		{215D8CBD-113D-32B1-BC6E-51B523EC6449} = {215D8CBD-113D-32B1-BC6E-51B523EC6449}
	EndProjectSection
EndProject
Global
	GlobalSection(SolutionConfigurationPlatforms) = preSolution
		Debug|x64 = Debug|x64
		Release|x64 = Release|x64
	EndGlobalSection
	GlobalSection(ProjectConfigurationPlatforms) = postSolution
		{8995DF7A-82F3-393E-96C7-1B1C273FE87C}.Debug|x64.ActiveCfg = Debug|x64
		{8995DF7A-82F3-393E-96C7-1B1C273FE87C}.Debug|x64.Build.0 = Debug|x64
		{8995DF7A-82F3-393E-96C7-1B1C273FE87C}.Release|x64.ActiveCfg = Release|x64
		{8995DF7A-82F3-393E-96C7-1B1C273FE87C}.Release|x64.Build.0 = Release|x64
		{CDB1DB4E-0B1D-3782-B876-059EA6AF2557}.Debug|x64.ActiveCfg = Debug|x64
		{CDB1DB4E-0B1D-3782-B876-059EA6AF2557}.Release|x64.ActiveCfg = Release|x64
		{AE9E5CCC-8293-3BF4-85C7-436A09B59442}.Debug|x64.ActiveCfg = Debug|x64
		{AE9E5CCC-8293-3BF4-85C7-436A09B59442}.Debug|x64.Build.0 = Debug|x64
		{AE9E5CCC-8293-3BF4-85C7-436A09B59442}.Release|x64.ActiveCfg = Release|x64
		{AE9E5CCC-8293-3BF4-85C7-436A09B59442}.Release|x64.Build.0 = Release|x64
		{9567C85F-8CBA-38CF-BECB-BA664BF97006}.Debug|x64.ActiveCfg = Debug|x64
		{9567C85F-8CBA-38CF-BECB-BA664BF97006}.Debug|x64.Build.0 = Debug|x64
		{9567C85F-8CBA-38CF-BECB-BA664BF97006}.Release|x64.ActiveCfg = Release|x64
		{9567C85F-8CBA-38CF-BECB-BA664BF97006}.Release|x64.Build.0 = Release|x64
		{088B5D56-789A-3409-8000-325FECB9D889}.Debug|x64.ActiveCfg = Debug|x64
		{088B5D56-789A-3409-8000-325FECB9D889}.Debug|x64.Build.0 = Debug|x64
		{088B5D56-789A-3409-8000-325FECB9D889}.Release|x64.ActiveCfg = Release|x64
		{088B5D56-789A-3409-8000-325FECB9D889}.Release|x64.Build.0 = Release|x64
		{215D8CBD-113D-32B1-BC6E-51B523EC6449}.Debug|x64.ActiveCfg = Debug|x64
		{215D8CBD-113D-32B1-BC6E-51B523EC6449}.Debug|x64.Build.0 = Debug|x64
		{215D8CBD-113D-32B1-BC6E-51B523EC6449}.Release|x64.ActiveCfg = Release|x64
		{215D8CBD-113D-32B1-BC6E-51B523EC6449}.Release|x64.Build.0 = Release|x64
		{D314D19E-AEEC-319E-AD84-1F88B958EF16}.Debug|x64.ActiveCfg = Debug|x64
		{D314D19E-AEEC-319E-AD84-1F88B958EF16}.Debug|x64.Build.0 = Debug|x64
		{D314D19E-AEEC-319E-AD84-1F88B958EF16}.Release|x64.ActiveCfg = Release|x64
		{D314D19E-AEEC-319E-AD84-1F88B958EF16}.Release|x64.Build.0 = Release|x64
	EndGlobalSection
	GlobalSection(NestedProjects) = preSolution
		{8995DF7A-82F3-393E-96C7-1B1C273FE87C} = {55A4862D-F706-3A7E-A1F1-8D33D88F9C9A}
		{CDB1DB4E-0B1D-3782-B876-059EA6AF2557} = {55A4862D-F706-3A7E-A1F1-8D33D88F9C9A}
		{AE9E5CCC-8293-3BF4-85C7-436A09B59442} = {55A4862D-F706-3A7E-A1F1-8D33D88F9C9A}
		{215D8CBD-113D-32B1-BC6E-51B523EC6449} = {89C6C471-81A6-31E0-9758-11B62F8725FA}
	EndGlobalSection
	GlobalSection(ExtensibilityGlobals) = postSolution
		SolutionGuid = {FC8DFB79-E23E-3585-81D7-12EFF2EA26AF}
	EndGlobalSection
	GlobalSection(ExtensibilityAddIns) = postSolution
	EndGlobalSection
EndGlobal
