
Microsoft Visual Studio Solution File, Format Version 12.00
# Visual Studio Version 17
Project("{2150E333-8FDC-42A3-9474-1A3956D46DE8}") = "CMakePredefinedTargets", "CMakePredefinedTargets", "{900D12EB-5841-3540-B887-3671F67623AF}"
EndProject
Project("{2150E333-8FDC-42A3-9474-1A3956D46DE8}") = "GLFW3", "GLFW3", "{C30AC8D9-9700-352B-9A43-321686ABE467}"
EndProject
Project("{8BC9CEB8-8B4A-11D0-8D11-00A0C91BC942}") = "ALL_BUILD", "ALL_BUILD.vcxproj", "{5355EBBB-7E28-3768-985F-CB79A7AE6190}"
	ProjectSection(ProjectDependencies) = postProject
		{200CCB95-840E-3944-B1EC-C59505C70465} = {200CCB95-840E-3944-B1EC-C59505C70465}
		{C993C854-B564-33F5-83E3-6A8FEA98126A} = {C993C854-B564-33F5-83E3-6A8FEA98126A}
	EndProjectSection
EndProject
Project("{8BC9CEB8-8B4A-11D0-8D11-00A0C91BC942}") = "INSTALL", "INSTALL.vcxproj", "{B0D609A0-86D2-3198-AB1C-CDD56C5040D5}"
	ProjectSection(ProjectDependencies) = postProject
		{5355EBBB-7E28-3768-985F-CB79A7AE6190} = {5355EBBB-7E28-3768-985F-CB79A7AE6190}
		{200CCB95-840E-3944-B1EC-C59505C70465} = {200CCB95-840E-3944-B1EC-C59505C70465}
	EndProjectSection
EndProject
Project("{8BC9CEB8-8B4A-11D0-8D11-00A0C91BC942}") = "ZERO_CHECK", "ZERO_CHECK.vcxproj", "{200CCB95-840E-3944-B1EC-C59505C70465}"
	ProjectSection(ProjectDependencies) = postProject
	EndProjectSection
EndProject
Project("{8BC9CEB8-8B4A-11D0-8D11-00A0C91BC942}") = "gdt", "common\gdt\gdt.vcxproj", "{715BB771-6684-3540-9438-5B496E767BDC}"
	ProjectSection(ProjectDependencies) = postProject
		{200CCB95-840E-3944-B1EC-C59505C70465} = {200CCB95-840E-3944-B1EC-C59505C70465}
	EndProjectSection
EndProject
Project("{8BC9CEB8-8B4A-11D0-8D11-00A0C91BC942}") = "glfWindow", "common\glfWindow\glfWindow.vcxproj", "{C310B9D1-FE11-3CFA-B37D-239635E1E75E}"
	ProjectSection(ProjectDependencies) = postProject
		{200CCB95-840E-3944-B1EC-C59505C70465} = {200CCB95-840E-3944-B1EC-C59505C70465}
	EndProjectSection
EndProject
Project("{8BC9CEB8-8B4A-11D0-8D11-00A0C91BC942}") = "glfw", "common\3rdParty\glfw\src\glfw.vcxproj", "{0EFCFEB9-18E1-3571-9131-C3C5B458C4AA}"
	ProjectSection(ProjectDependencies) = postProject
		{200CCB95-840E-3944-B1EC-C59505C70465} = {200CCB95-840E-3944-B1EC-C59505C70465}
	EndProjectSection
EndProject
Project("{8BC9CEB8-8B4A-11D0-8D11-00A0C91BC942}") = "obj_raytracer", "obj_raytracer\obj_raytracer.vcxproj", "{C993C854-B564-33F5-83E3-6A8FEA98126A}"
	ProjectSection(ProjectDependencies) = postProject
		{200CCB95-840E-3944-B1EC-C59505C70465} = {200CCB95-840E-3944-B1EC-C59505C70465}
		{715BB771-6684-3540-9438-5B496E767BDC} = {715BB771-6684-3540-9438-5B496E767BDC}
		{C310B9D1-FE11-3CFA-B37D-239635E1E75E} = {C310B9D1-FE11-3CFA-B37D-239635E1E75E}
		{0EFCFEB9-18E1-3571-9131-C3C5B458C4AA} = {0EFCFEB9-18E1-3571-9131-C3C5B458C4AA}
	EndProjectSection
EndProject
Global
	GlobalSection(SolutionConfigurationPlatforms) = preSolution
		Debug|x64 = Debug|x64
		Release|x64 = Release|x64
	EndGlobalSection
	GlobalSection(ProjectConfigurationPlatforms) = postSolution
		{5355EBBB-7E28-3768-985F-CB79A7AE6190}.Debug|x64.ActiveCfg = Debug|x64
		{5355EBBB-7E28-3768-985F-CB79A7AE6190}.Debug|x64.Build.0 = Debug|x64
		{5355EBBB-7E28-3768-985F-CB79A7AE6190}.Release|x64.ActiveCfg = Release|x64
		{5355EBBB-7E28-3768-985F-CB79A7AE6190}.Release|x64.Build.0 = Release|x64
		{B0D609A0-86D2-3198-AB1C-CDD56C5040D5}.Debug|x64.ActiveCfg = Debug|x64
		{B0D609A0-86D2-3198-AB1C-CDD56C5040D5}.Release|x64.ActiveCfg = Release|x64
		{200CCB95-840E-3944-B1EC-C59505C70465}.Debug|x64.ActiveCfg = Debug|x64
		{200CCB95-840E-3944-B1EC-C59505C70465}.Debug|x64.Build.0 = Debug|x64
		{200CCB95-840E-3944-B1EC-C59505C70465}.Release|x64.ActiveCfg = Release|x64
		{200CCB95-840E-3944-B1EC-C59505C70465}.Release|x64.Build.0 = Release|x64
		{715BB771-6684-3540-9438-5B496E767BDC}.Debug|x64.ActiveCfg = Debug|x64
		{715BB771-6684-3540-9438-5B496E767BDC}.Debug|x64.Build.0 = Debug|x64
		{715BB771-6684-3540-9438-5B496E767BDC}.Release|x64.ActiveCfg = Release|x64
		{715BB771-6684-3540-9438-5B496E767BDC}.Release|x64.Build.0 = Release|x64
		{C310B9D1-FE11-3CFA-B37D-239635E1E75E}.Debug|x64.ActiveCfg = Debug|x64
		{C310B9D1-FE11-3CFA-B37D-239635E1E75E}.Debug|x64.Build.0 = Debug|x64
		{C310B9D1-FE11-3CFA-B37D-239635E1E75E}.Release|x64.ActiveCfg = Release|x64
		{C310B9D1-FE11-3CFA-B37D-239635E1E75E}.Release|x64.Build.0 = Release|x64
		{0EFCFEB9-18E1-3571-9131-C3C5B458C4AA}.Debug|x64.ActiveCfg = Debug|x64
		{0EFCFEB9-18E1-3571-9131-C3C5B458C4AA}.Debug|x64.Build.0 = Debug|x64
		{0EFCFEB9-18E1-3571-9131-C3C5B458C4AA}.Release|x64.ActiveCfg = Release|x64
		{0EFCFEB9-18E1-3571-9131-C3C5B458C4AA}.Release|x64.Build.0 = Release|x64
		{C993C854-B564-33F5-83E3-6A8FEA98126A}.Debug|x64.ActiveCfg = Debug|x64
		{C993C854-B564-33F5-83E3-6A8FEA98126A}.Debug|x64.Build.0 = Debug|x64
		{C993C854-B564-33F5-83E3-6A8FEA98126A}.Release|x64.ActiveCfg = Release|x64
		{C993C854-B564-33F5-83E3-6A8FEA98126A}.Release|x64.Build.0 = Release|x64
	EndGlobalSection
	GlobalSection(NestedProjects) = preSolution
		{5355EBBB-7E28-3768-985F-CB79A7AE6190} = {900D12EB-5841-3540-B887-3671F67623AF}
		{B0D609A0-86D2-3198-AB1C-CDD56C5040D5} = {900D12EB-5841-3540-B887-3671F67623AF}
		{200CCB95-840E-3944-B1EC-C59505C70465} = {900D12EB-5841-3540-B887-3671F67623AF}
		{0EFCFEB9-18E1-3571-9131-C3C5B458C4AA} = {C30AC8D9-9700-352B-9A43-321686ABE467}
	EndGlobalSection
	GlobalSection(ExtensibilityGlobals) = postSolution
		SolutionGuid = {63430AC7-DE24-32A2-BB44-B26F28444079}
	EndGlobalSection
	GlobalSection(ExtensibilityAddIns) = postSolution
	EndGlobalSection
EndGlobal
