
Microsoft Visual Studio Solution File, Format Version 12.00
# Visual Studio Version 17
Project("{2150E333-8FDC-42A3-9474-1A3956D46DE8}") = "CMakePredefinedTargets", "CMakePredefinedTargets", "{900D12EB-5841-3540-B887-3671F67623AF}"
EndProject
Project("{2150E333-8FDC-42A3-9474-1A3956D46DE8}") = "GLFW3", "GLFW3", "{C30AC8D9-9700-352B-9A43-321686ABE467}"
EndProject
Project("{8BC9CEB8-8B4A-11D0-8D11-00A0C91BC942}") = "ALL_BUILD", "ALL_BUILD.vcxproj", "{5355EBBB-7E28-3768-985F-CB79A7AE6190}"
	ProjectSection(ProjectDependencies) = postProject
		{200CCB95-840E-3944-B1EC-C59505C70465} = {200CCB95-840E-3944-B1EC-C59505C70465}
		{B5831F3A-E92A-381F-B592-1921EFFC99A0} = {B5831F3A-E92A-381F-B592-1921EFFC99A0}
		{9BF1C0C7-991A-3B77-9851-16E6B2C5FD0B} = {9BF1C0C7-991A-3B77-9851-16E6B2C5FD0B}
		{0A15F4A6-7A30-3C5B-8A2C-AC70FB9FB419} = {0A15F4A6-7A30-3C5B-8A2C-AC70FB9FB419}
		{0B6EC0F0-1C00-30FF-A0EB-D515F9DEAA8A} = {0B6EC0F0-1C00-30FF-A0EB-D515F9DEAA8A}
	EndProjectSection
EndProject
Project("{8BC9CEB8-8B4A-11D0-8D11-00A0C91BC942}") = "INSTALL", "INSTALL.vcxproj", "{B0D609A0-86D2-3198-AB1C-CDD56C5040D5}"
	ProjectSection(ProjectDependencies) = postProject
		{5355EBBB-7E28-3768-985F-CB79A7AE6190} = {5355EBBB-7E28-3768-985F-CB79A7AE6190}
		{200CCB95-840E-3944-B1EC-C59505C70465} = {200CCB95-840E-3944-B1EC-C59505C70465}
	EndProjectSection
EndProject
Project("{8BC9CEB8-8B4A-11D0-8D11-00A0C91BC942}") = "ZERO_CHECK", "ZERO_CHECK.vcxproj", "{200CCB95-840E-3944-B1EC-C59505C70465}"
	ProjectSection(ProjectDependencies) = postProject
	EndProjectSection
EndProject
Project("{8BC9CEB8-8B4A-11D0-8D11-00A0C91BC942}") = "ex01_helloOptix", "example01_helloOptix\ex01_helloOptix.vcxproj", "{B5831F3A-E92A-381F-B592-1921EFFC99A0}"
	ProjectSection(ProjectDependencies) = postProject
		{200CCB95-840E-3944-B1EC-C59505C70465} = {200CCB95-840E-3944-B1EC-C59505C70465}
		{715BB771-6684-3540-9438-5B496E767BDC} = {715BB771-6684-3540-9438-5B496E767BDC}
	EndProjectSection
EndProject
Project("{8BC9CEB8-8B4A-11D0-8D11-00A0C91BC942}") = "ex02_pipelineAndRayGen", "example02_pipelineAndRayGen\ex02_pipelineAndRayGen.vcxproj", "{9BF1C0C7-991A-3B77-9851-16E6B2C5FD0B}"
	ProjectSection(ProjectDependencies) = postProject
		{200CCB95-840E-3944-B1EC-C59505C70465} = {200CCB95-840E-3944-B1EC-C59505C70465}
		{715BB771-6684-3540-9438-5B496E767BDC} = {715BB771-6684-3540-9438-5B496E767BDC}
	EndProjectSection
EndProject
Project("{8BC9CEB8-8B4A-11D0-8D11-00A0C91BC942}") = "ex07_firstRealModel", "example07_firstRealModel\ex07_firstRealModel.vcxproj", "{0A15F4A6-7A30-3C5B-8A2C-AC70FB9FB419}"
	ProjectSection(ProjectDependencies) = postProject
		{200CCB95-840E-3944-B1EC-C59505C70465} = {200CCB95-840E-3944-B1EC-C59505C70465}
		{715BB771-6684-3540-9438-5B496E767BDC} = {715BB771-6684-3540-9438-5B496E767BDC}
		{C310B9D1-FE11-3CFA-B37D-239635E1E75E} = {C310B9D1-FE11-3CFA-B37D-239635E1E75E}
		{0EFCFEB9-18E1-3571-9131-C3C5B458C4AA} = {0EFCFEB9-18E1-3571-9131-C3C5B458C4AA}
	EndProjectSection
EndProject
Project("{8BC9CEB8-8B4A-11D0-8D11-00A0C91BC942}") = "obj_raytracer", "example99\obj_raytracer.vcxproj", "{0B6EC0F0-1C00-30FF-A0EB-D515F9DEAA8A}"
	ProjectSection(ProjectDependencies) = postProject
		{200CCB95-840E-3944-B1EC-C59505C70465} = {200CCB95-840E-3944-B1EC-C59505C70465}
		{715BB771-6684-3540-9438-5B496E767BDC} = {715BB771-6684-3540-9438-5B496E767BDC}
		{C310B9D1-FE11-3CFA-B37D-239635E1E75E} = {C310B9D1-FE11-3CFA-B37D-239635E1E75E}
		{0EFCFEB9-18E1-3571-9131-C3C5B458C4AA} = {0EFCFEB9-18E1-3571-9131-C3C5B458C4AA}
	EndProjectSection
EndProject
Project("{8BC9CEB8-8B4A-11D0-8D11-00A0C91BC942}") = "gdt", "common\gdt\gdt.vcxproj", "{715BB771-6684-3540-9438-5B496E767BDC}"
	ProjectSection(ProjectDependencies) = postProject
		{200CCB95-840E-3944-B1EC-C59505C70465} = {200CCB95-840E-3944-B1EC-C59505C70465}
	EndProjectSection
EndProject
Project("{8BC9CEB8-8B4A-11D0-8D11-00A0C91BC942}") = "glfWindow", "common\glfWindow\glfWindow.vcxproj", "{C310B9D1-FE11-3CFA-B37D-239635E1E75E}"
	ProjectSection(ProjectDependencies) = postProject
		{200CCB95-840E-3944-B1EC-C59505C70465} = {200CCB95-840E-3944-B1EC-C59505C70465}
	EndProjectSection
EndProject
Project("{8BC9CEB8-8B4A-11D0-8D11-00A0C91BC942}") = "glfw", "common\3rdParty\glfw\src\glfw.vcxproj", "{0EFCFEB9-18E1-3571-9131-C3C5B458C4AA}"
	ProjectSection(ProjectDependencies) = postProject
		{200CCB95-840E-3944-B1EC-C59505C70465} = {200CCB95-840E-3944-B1EC-C59505C70465}
	EndProjectSection
EndProject
Global
	GlobalSection(SolutionConfigurationPlatforms) = preSolution
		Debug|x64 = Debug|x64
		Release|x64 = Release|x64
	EndGlobalSection
	GlobalSection(ProjectConfigurationPlatforms) = postSolution
		{5355EBBB-7E28-3768-985F-CB79A7AE6190}.Debug|x64.ActiveCfg = Debug|x64
		{5355EBBB-7E28-3768-985F-CB79A7AE6190}.Debug|x64.Build.0 = Debug|x64
		{5355EBBB-7E28-3768-985F-CB79A7AE6190}.Release|x64.ActiveCfg = Release|x64
		{5355EBBB-7E28-3768-985F-CB79A7AE6190}.Release|x64.Build.0 = Release|x64
		{B0D609A0-86D2-3198-AB1C-CDD56C5040D5}.Debug|x64.ActiveCfg = Debug|x64
		{B0D609A0-86D2-3198-AB1C-CDD56C5040D5}.Release|x64.ActiveCfg = Release|x64
		{200CCB95-840E-3944-B1EC-C59505C70465}.Debug|x64.ActiveCfg = Debug|x64
		{200CCB95-840E-3944-B1EC-C59505C70465}.Debug|x64.Build.0 = Debug|x64
		{200CCB95-840E-3944-B1EC-C59505C70465}.Release|x64.ActiveCfg = Release|x64
		{200CCB95-840E-3944-B1EC-C59505C70465}.Release|x64.Build.0 = Release|x64
		{B5831F3A-E92A-381F-B592-1921EFFC99A0}.Debug|x64.ActiveCfg = Debug|x64
		{B5831F3A-E92A-381F-B592-1921EFFC99A0}.Debug|x64.Build.0 = Debug|x64
		{B5831F3A-E92A-381F-B592-1921EFFC99A0}.Release|x64.ActiveCfg = Release|x64
		{B5831F3A-E92A-381F-B592-1921EFFC99A0}.Release|x64.Build.0 = Release|x64
		{9BF1C0C7-991A-3B77-9851-16E6B2C5FD0B}.Debug|x64.ActiveCfg = Debug|x64
		{9BF1C0C7-991A-3B77-9851-16E6B2C5FD0B}.Debug|x64.Build.0 = Debug|x64
		{9BF1C0C7-991A-3B77-9851-16E6B2C5FD0B}.Release|x64.ActiveCfg = Release|x64
		{9BF1C0C7-991A-3B77-9851-16E6B2C5FD0B}.Release|x64.Build.0 = Release|x64
		{0A15F4A6-7A30-3C5B-8A2C-AC70FB9FB419}.Debug|x64.ActiveCfg = Debug|x64
		{0A15F4A6-7A30-3C5B-8A2C-AC70FB9FB419}.Debug|x64.Build.0 = Debug|x64
		{0A15F4A6-7A30-3C5B-8A2C-AC70FB9FB419}.Release|x64.ActiveCfg = Release|x64
		{0A15F4A6-7A30-3C5B-8A2C-AC70FB9FB419}.Release|x64.Build.0 = Release|x64
		{0B6EC0F0-1C00-30FF-A0EB-D515F9DEAA8A}.Debug|x64.ActiveCfg = Debug|x64
		{0B6EC0F0-1C00-30FF-A0EB-D515F9DEAA8A}.Debug|x64.Build.0 = Debug|x64
		{0B6EC0F0-1C00-30FF-A0EB-D515F9DEAA8A}.Release|x64.ActiveCfg = Release|x64
		{0B6EC0F0-1C00-30FF-A0EB-D515F9DEAA8A}.Release|x64.Build.0 = Release|x64
		{715BB771-6684-3540-9438-5B496E767BDC}.Debug|x64.ActiveCfg = Debug|x64
		{715BB771-6684-3540-9438-5B496E767BDC}.Debug|x64.Build.0 = Debug|x64
		{715BB771-6684-3540-9438-5B496E767BDC}.Release|x64.ActiveCfg = Release|x64
		{715BB771-6684-3540-9438-5B496E767BDC}.Release|x64.Build.0 = Release|x64
		{C310B9D1-FE11-3CFA-B37D-239635E1E75E}.Debug|x64.ActiveCfg = Debug|x64
		{C310B9D1-FE11-3CFA-B37D-239635E1E75E}.Debug|x64.Build.0 = Debug|x64
		{C310B9D1-FE11-3CFA-B37D-239635E1E75E}.Release|x64.ActiveCfg = Release|x64
		{C310B9D1-FE11-3CFA-B37D-239635E1E75E}.Release|x64.Build.0 = Release|x64
		{0EFCFEB9-18E1-3571-9131-C3C5B458C4AA}.Debug|x64.ActiveCfg = Debug|x64
		{0EFCFEB9-18E1-3571-9131-C3C5B458C4AA}.Debug|x64.Build.0 = Debug|x64
		{0EFCFEB9-18E1-3571-9131-C3C5B458C4AA}.Release|x64.ActiveCfg = Release|x64
		{0EFCFEB9-18E1-3571-9131-C3C5B458C4AA}.Release|x64.Build.0 = Release|x64
	EndGlobalSection
	GlobalSection(NestedProjects) = preSolution
		{5355EBBB-7E28-3768-985F-CB79A7AE6190} = {900D12EB-5841-3540-B887-3671F67623AF}
		{B0D609A0-86D2-3198-AB1C-CDD56C5040D5} = {900D12EB-5841-3540-B887-3671F67623AF}
		{200CCB95-840E-3944-B1EC-C59505C70465} = {900D12EB-5841-3540-B887-3671F67623AF}
		{0EFCFEB9-18E1-3571-9131-C3C5B458C4AA} = {C30AC8D9-9700-352B-9A43-321686ABE467}
	EndGlobalSection
	GlobalSection(ExtensibilityGlobals) = postSolution
		SolutionGuid = {2AA14B46-80B4-3933-9766-9B923AF33383}
	EndGlobalSection
	GlobalSection(ExtensibilityAddIns) = postSolution
	EndGlobalSection
EndGlobal
